<?xml version="1.0" encoding="utf-8"?>
<Project ToolsVersion="4.0" xmlns="http://schemas.microsoft.com/developer/msbuild/2003">
  <ItemGroup>
    <Filter Include="Source Files">
      <UniqueIdentifier>{4FC737F1-C7A5-4376-A066-2A32D752A2FF}</UniqueIdentifier>
      <Extensions>cpp;c;cc;cxx;def;odl;idl;hpj;bat;asm;asmx</Extensions>
    </Filter>
    <Filter Include="Header Files">
      <UniqueIdentifier>{93995380-89BD-4b04-88EB-625FBE52EBFB}</UniqueIdentifier>
      <Extensions>h;hh;hpp;hxx;hm;inl;inc;xsd</Extensions>
    </Filter>
    <Filter Include="Resource Files">
      <UniqueIdentifier>{67DA6AB6-F800-4c08-8B7A-83BB121AAD01}</UniqueIdentifier>
      <Extensions>rc;ico;cur;bmp;dlg;rc2;rct;bin;rgs;gif;jpg;jpeg;jpe;resx;tiff;tif;png;wav;mfcribbon-ms</Extensions>
    </Filter>
    <Filter Include="Header Files\includes">
      <UniqueIdentifier>{363b8f15-bcd0-4d0c-896f-23d57957f14f}</UniqueIdentifier>
    </Filter>
    <Filter Include="Header Files\includes\device">
      <UniqueIdentifier>{bae18a6c-4459-4fec-a658-367b7d041def}</UniqueIdentifier>
    </Filter>
    <Filter Include="Header Files\RS">
      <UniqueIdentifier>{9f6bd2f1-0037-4fe5-a44b-ca4f2a844725}</UniqueIdentifier>
    </Filter>
    <Filter Include="Header Files\includes\linker">
      <UniqueIdentifier>{ec02238c-b7b2-46af-8555-d2f6c38f96a1}</UniqueIdentifier>
    </Filter>
    <Filter Include="Header Files\includes\helper">
      <UniqueIdentifier>{a1c0272d-89e8-4a16-be8f-71dd9f830b88}</UniqueIdentifier>
    </Filter>
    <Filter Include="Header Files\sound">
      <UniqueIdentifier>{ffa7b000-e776-4c30-9cc7-3942299e10b2}</UniqueIdentifier>
    </Filter>
  </ItemGroup>
  <ItemGroup>
    <ClCompile Include="_main.cpp">
      <Filter>Source Files</Filter>
    </ClCompile>
    <ClCompile Include="mathematics.cpp">
      <Filter>Source Files</Filter>
    </ClCompile>
    <ClCompile Include="ShaderDX9.cpp">
      <Filter>Source Files</Filter>
    </ClCompile>
    <ClCompile Include="WindowMain.cpp">
      <Filter>Source Files</Filter>
    </ClCompile>
    <ClCompile Include="WindowProc.cpp">
      <Filter>Source Files</Filter>
    </ClCompile>
    <ClCompile Include="Font.cpp">
      <Filter>Source Files</Filter>
    </ClCompile>
    <ClCompile Include="helper.cpp">
      <Filter>Source Files</Filter>
    </ClCompile>
    <ClCompile Include="mp3.cpp">
      <Filter>Source Files</Filter>
    </ClCompile>
    <ClCompile Include="system.cpp">
      <Filter>Source Files</Filter>
    </ClCompile>
    <ClCompile Include="exceptions.cpp">
      <Filter>Source Files</Filter>
    </ClCompile>
  </ItemGroup>
  <ItemGroup>
    <ClInclude Include="Camera.h">
      <Filter>Header Files</Filter>
    </ClInclude>
    <ClInclude Include="defines.h">
      <Filter>Header Files\includes</Filter>
    </ClInclude>
    <ClInclude Include="mathematics.h">
      <Filter>Header Files\includes</Filter>
    </ClInclude>
    <ClInclude Include="stdafx.h">
      <Filter>Header Files\includes</Filter>
    </ClInclude>
    <ClInclude Include="Font.h">
      <Filter>Header Files</Filter>
    </ClInclude>
    <ClInclude Include="Framework.h">
      <Filter>Header Files</Filter>
    </ClInclude>
    <ClInclude Include="InputAnswers.h">
      <Filter>Header Files</Filter>
    </ClInclude>
    <ClInclude Include="InputCodes.h">
      <Filter>Header Files</Filter>
    </ClInclude>
    <ClInclude Include="InputManager.h">
      <Filter>Header Files</Filter>
    </ClInclude>
    <ClInclude Include="Light.h">
      <Filter>Header Files</Filter>
    </ClInclude>
    <ClInclude Include="Model.h">
      <Filter>Header Files</Filter>
    </ClInclude>
    <ClInclude Include="ModelPre.h">
      <Filter>Header Files</Filter>
    </ClInclude>
    <ClInclude Include="Object.h">
      <Filter>Header Files</Filter>
    </ClInclude>
    <ClInclude Include="Render.h">
      <Filter>Header Files</Filter>
    </ClInclude>
    <ClInclude Include="Shader.h">
      <Filter>Header Files</Filter>
    </ClInclude>
    <ClInclude Include="Skybox.h">
      <Filter>Header Files</Filter>
    </ClInclude>
    <ClInclude Include="SoundIMM.h">
      <Filter>Header Files</Filter>
    </ClInclude>
    <ClInclude Include="UI.h">
      <Filter>Header Files</Filter>
    </ClInclude>
    <ClInclude Include="Window.h">
      <Filter>Header Files</Filter>
    </ClInclude>
    <ClInclude Include="WindowMain.h">
      <Filter>Header Files</Filter>
    </ClInclude>
    <ClInclude Include="WindowProc.h">
      <Filter>Header Files</Filter>
    </ClInclude>
    <ClInclude Include="World.h">
      <Filter>Header Files</Filter>
    </ClInclude>
    <ClInclude Include="WAVE.h">
      <Filter>Header Files\includes</Filter>
    </ClInclude>
    <ClInclude Include="TexProfile.h">
      <Filter>Header Files</Filter>
    </ClInclude>
    <ClInclude Include="RenderDX9.h">
      <Filter>Header Files\RS</Filter>
    </ClInclude>
    <ClInclude Include="ShaderDX9.h">
      <Filter>Header Files\RS</Filter>
    </ClInclude>
    <ClInclude Include="color.h">
      <Filter>Header Files\includes</Filter>
    </ClInclude>
    <ClInclude Include="InputAnswersMain.h">
      <Filter>Header Files</Filter>
    </ClInclude>
    <ClInclude Include="Player.h">
      <Filter>Header Files</Filter>
    </ClInclude>
    <ClInclude Include="GameMap.h">
      <Filter>Header Files</Filter>
    </ClInclude>
    <ClInclude Include="hashs.h">
      <Filter>Header Files\includes</Filter>
    </ClInclude>
    <ClInclude Include="Interact.h">
      <Filter>Header Files</Filter>
    </ClInclude>
    <ClInclude Include="Sound.h">
      <Filter>Header Files</Filter>
    </ClInclude>
    <ClInclude Include="SkyboxRe.h">
      <Filter>Header Files</Filter>
    </ClInclude>
    <ClInclude Include="ModelRe.h">
      <Filter>Header Files</Filter>
    </ClInclude>
    <ClInclude Include="FontRe.h">
      <Filter>Header Files</Filter>
    </ClInclude>
    <ClInclude Include="TexProfileRe.h">
      <Filter>Header Files</Filter>
    </ClInclude>
    <ClInclude Include="FontText.h">
      <Filter>Header Files</Filter>
    </ClInclude>
    <ClInclude Include="device3d9.h">
      <Filter>Header Files\includes\device</Filter>
    </ClInclude>
    <ClInclude Include="device3d.h">
      <Filter>Header Files\includes\device</Filter>
    </ClInclude>
    <ClInclude Include="device3d11.h">
      <Filter>Header Files\includes\device</Filter>
    </ClInclude>
    <ClInclude Include="RenderDX11.h">
      <Filter>Header Files\RS</Filter>
    </ClInclude>
    <ClInclude Include="ShaderDX11.h">
      <Filter>Header Files\RS</Filter>
    </ClInclude>
    <ClInclude Include="Network.h">
      <Filter>Header Files</Filter>
    </ClInclude>
    <ClInclude Include="NetworkWS2.h">
      <Filter>Header Files</Filter>
    </ClInclude>
    <ClInclude Include="NetworkServer.h">
      <Filter>Header Files</Filter>
    </ClInclude>
    <ClInclude Include="NetworkClient.h">
      <Filter>Header Files</Filter>
    </ClInclude>
    <ClInclude Include="StatusIO.h">
      <Filter>Header Files</Filter>
    </ClInclude>
    <ClInclude Include="Sprite.h">
      <Filter>Header Files</Filter>
    </ClInclude>
    <ClInclude Include="Particles.h">
      <Filter>Header Files</Filter>
    </ClInclude>
    <ClInclude Include="Terrain.h">
      <Filter>Header Files</Filter>
    </ClInclude>
    <ClInclude Include="KeyEvent.h">
      <Filter>Header Files</Filter>
    </ClInclude>
    <ClInclude Include="link_video.h">
      <Filter>Header Files\includes\linker</Filter>
    </ClInclude>
    <ClInclude Include="link_shader.h">
      <Filter>Header Files\includes\linker</Filter>
    </ClInclude>
    <ClInclude Include="link_defines.h">
      <Filter>Header Files\includes\linker</Filter>
    </ClInclude>
    <ClInclude Include="link_audio.h">
      <Filter>Header Files\includes\linker</Filter>
    </ClInclude>
    <ClInclude Include="link_network.h">
      <Filter>Header Files\includes\linker</Filter>
    </ClInclude>
    <ClInclude Include="shared.h">
      <Filter>Header Files\includes</Filter>
    </ClInclude>
    <ClInclude Include="NetworkGD.h">
      <Filter>Header Files</Filter>
    </ClInclude>
    <ClInclude Include="version.h">
      <Filter>Resource Files</Filter>
    </ClInclude>
    <ClInclude Include="version_revision.h">
      <Filter>Resource Files</Filter>
    </ClInclude>
    <ClInclude Include="version_build.h">
      <Filter>Resource Files</Filter>
    </ClInclude>
    <ClInclude Include="title.h">
      <Filter>Resource Files</Filter>
    </ClInclude>
    <ClInclude Include="version_major.h">
      <Filter>Resource Files</Filter>
    </ClInclude>
    <ClInclude Include="version_minor.h">
      <Filter>Resource Files</Filter>
    </ClInclude>
    <ClInclude Include="version_s.h">
      <Filter>Resource Files</Filter>
    </ClInclude>
    <ClInclude Include="Clipboard.h">
      <Filter>Header Files</Filter>
    </ClInclude>
    <ClInclude Include="SoundDevice.h">
      <Filter>Header Files</Filter>
    </ClInclude>
    <ClInclude Include="SoundIMMN.h">
      <Filter>Header Files</Filter>
    </ClInclude>
    <ClInclude Include="SoundWAS.h">
      <Filter>Header Files</Filter>
    </ClInclude>
    <ClInclude Include="version_conv.h">
      <Filter>Resource Files</Filter>
    </ClInclude>
    <ClInclude Include="helper.h">
      <Filter>Header Files\includes\helper</Filter>
    </ClInclude>
    <ClInclude Include="vecdata.h">
      <Filter>Header Files\includes\helper</Filter>
    </ClInclude>
    <ClInclude Include="thread.h">
      <Filter>Header Files\includes\helper</Filter>
    </ClInclude>
    <ClInclude Include="types.h">
      <Filter>Header Files\includes</Filter>
    </ClInclude>
    <ClInclude Include="mp3.h">
      <Filter>Header Files\sound</Filter>
    </ClInclude>
    <ClInclude Include="mp3h.h">
      <Filter>Header Files\sound</Filter>
    </ClInclude>
    <ClInclude Include="mp3hf.h">
      <Filter>Header Files\sound</Filter>
    </ClInclude>
    <ClInclude Include="pcm.h">
      <Filter>Header Files\sound</Filter>
    </ClInclude>
    <ClInclude Include="system.h">
      <Filter>Header Files\includes\helper</Filter>
    </ClInclude>
    <ClInclude Include="defines_core.h">
      <Filter>Header Files\includes</Filter>
    </ClInclude>
    <ClInclude Include="SystemBase.h">
      <Filter>Header Files</Filter>
    </ClInclude>
    <ClInclude Include="SystemWin.h">
      <Filter>Header Files</Filter>
    </ClInclude>
    <ClInclude Include="exceptions.h">
      <Filter>Header Files\includes\helper</Filter>
    </ClInclude>
    <ClInclude Include="resource.h">
      <Filter>Resource Files</Filter>
    </ClInclude>
    <ClInclude Include="xxx_test.h">
      <Filter>Header Files\includes</Filter>
    </ClInclude>
  </ItemGroup>
  <ItemGroup>
    <ResourceCompile Include="Version.rc">
      <Filter>Resource Files</Filter>
    </ResourceCompile>
  </ItemGroup>
  <ItemGroup>
    <Image Include="..\SVFEngine.ico">
      <Filter>Resource Files</Filter>
    </Image>
  </ItemGroup>
</Project>